
Microsoft Visual Studio Solution File, Format Version 12.00
# Visual Studio 2012
Project("{2150E333-8FDC-42A3-9474-1A3956D46DE8}") = "h1", "h1", "{69DDEEA8-970E-43C3-A094-DB3C4A70C2AB}"
EndProject
Project("{2150E333-8FDC-42A3-9474-1A3956D46DE8}") = "h2", "h2", "{931FAE26-7806-4659-AB21-DD1A465E2643}"
EndProject
Project("{2150E333-8FDC-42A3-9474-1A3956D46DE8}") = "csharp", "csharp", "{0E6DBE9B-94E5-4349-A5CD-514D6F6EAD87}"
EndProject
Project("{FAE04EC0-301F-11D3-BF4B-00C04F79EFBC}") = "2.4", "h2\csharp\2.4\2.4.csproj", "{6706C0D0-0B87-4B0A-AA4E-97C3921D2DDD}"
EndProject
Project("{FAE04EC0-301F-11D3-BF4B-00C04F79EFBC}") = "CS2", "h2\csharp\CS2\CS2.csproj", "{A81A80B6-C825-4C6A-92A9-48A14DB14D02}"
EndProject
Project("{FAE04EC0-301F-11D3-BF4B-00C04F79EFBC}") = "5.1", "h2\csharp\5.1\5.1.csproj", "{528F7AF5-C0C7-421B-982A-EEFCE2C77931}"
EndProject
Project("{2150E333-8FDC-42A3-9474-1A3956D46DE8}") = "asp.net", "asp.net", "{7FDDB4FA-57D1-4F25-9D67-2EDBC9B7E245}"
EndProject
Project("{FAE04EC0-301F-11D3-BF4B-00C04F79EFBC}") = "MvcApplication1", "h2\asp.net\MvcApplication1\MvcApplication1.csproj", "{E57B92B1-8BE0-4139-831E-9CD10A611C9A}"
EndProject
Project("{FAE04EC0-301F-11D3-BF4B-00C04F79EFBC}") = "MvcApplication1.Tests", "h2\asp.net\MvcApplication1.Tests\MvcApplication1.Tests.csproj", "{5ED27E60-F809-40BA-9B0E-2F229F367A9F}"
EndProject
Global
	GlobalSection(SolutionConfigurationPlatforms) = preSolution
		Debug|Any CPU = Debug|Any CPU
		Release|Any CPU = Release|Any CPU
	EndGlobalSection
	GlobalSection(ProjectConfigurationPlatforms) = postSolution
		{528F7AF5-C0C7-421B-982A-EEFCE2C77931}.Debug|Any CPU.ActiveCfg = Debug|Any CPU
		{528F7AF5-C0C7-421B-982A-EEFCE2C77931}.Debug|Any CPU.Build.0 = Debug|Any CPU
		{528F7AF5-C0C7-421B-982A-EEFCE2C77931}.Release|Any CPU.ActiveCfg = Release|Any CPU
		{528F7AF5-C0C7-421B-982A-EEFCE2C77931}.Release|Any CPU.Build.0 = Release|Any CPU
		{5ED27E60-F809-40BA-9B0E-2F229F367A9F}.Debug|Any CPU.ActiveCfg = Debug|Any CPU
		{5ED27E60-F809-40BA-9B0E-2F229F367A9F}.Debug|Any CPU.Build.0 = Debug|Any CPU
		{5ED27E60-F809-40BA-9B0E-2F229F367A9F}.Release|Any CPU.ActiveCfg = Release|Any CPU
		{5ED27E60-F809-40BA-9B0E-2F229F367A9F}.Release|Any CPU.Build.0 = Release|Any CPU
		{6706C0D0-0B87-4B0A-AA4E-97C3921D2DDD}.Debug|Any CPU.ActiveCfg = Debug|Any CPU
		{6706C0D0-0B87-4B0A-AA4E-97C3921D2DDD}.Debug|Any CPU.Build.0 = Debug|Any CPU
		{6706C0D0-0B87-4B0A-AA4E-97C3921D2DDD}.Release|Any CPU.ActiveCfg = Release|Any CPU
		{6706C0D0-0B87-4B0A-AA4E-97C3921D2DDD}.Release|Any CPU.Build.0 = Release|Any CPU
		{A81A80B6-C825-4C6A-92A9-48A14DB14D02}.Debug|Any CPU.ActiveCfg = Debug|Any CPU
		{A81A80B6-C825-4C6A-92A9-48A14DB14D02}.Debug|Any CPU.Build.0 = Debug|Any CPU
		{A81A80B6-C825-4C6A-92A9-48A14DB14D02}.Release|Any CPU.ActiveCfg = Release|Any CPU
		{A81A80B6-C825-4C6A-92A9-48A14DB14D02}.Release|Any CPU.Build.0 = Release|Any CPU
		{E57B92B1-8BE0-4139-831E-9CD10A611C9A}.Debug|Any CPU.ActiveCfg = Debug|Any CPU
		{E57B92B1-8BE0-4139-831E-9CD10A611C9A}.Debug|Any CPU.Build.0 = Debug|Any CPU
		{E57B92B1-8BE0-4139-831E-9CD10A611C9A}.Release|Any CPU.ActiveCfg = Release|Any CPU
		{E57B92B1-8BE0-4139-831E-9CD10A611C9A}.Release|Any CPU.Build.0 = Release|Any CPU
	EndGlobalSection
	GlobalSection(SolutionProperties) = preSolution
		HideSolutionNode = FALSE
	EndGlobalSection
	GlobalSection(NestedProjects) = preSolution
		{0E6DBE9B-94E5-4349-A5CD-514D6F6EAD87} = {931FAE26-7806-4659-AB21-DD1A465E2643}
		{528F7AF5-C0C7-421B-982A-EEFCE2C77931} = {0E6DBE9B-94E5-4349-A5CD-514D6F6EAD87}
		{5ED27E60-F809-40BA-9B0E-2F229F367A9F} = {7FDDB4FA-57D1-4F25-9D67-2EDBC9B7E245}
		{6706C0D0-0B87-4B0A-AA4E-97C3921D2DDD} = {0E6DBE9B-94E5-4349-A5CD-514D6F6EAD87}
		{7FDDB4FA-57D1-4F25-9D67-2EDBC9B7E245} = {931FAE26-7806-4659-AB21-DD1A465E2643}
		{A81A80B6-C825-4C6A-92A9-48A14DB14D02} = {0E6DBE9B-94E5-4349-A5CD-514D6F6EAD87}
		{E57B92B1-8BE0-4139-831E-9CD10A611C9A} = {7FDDB4FA-57D1-4F25-9D67-2EDBC9B7E245}
	EndGlobalSection
EndGlobal
